
Microsoft Visual Studio Solution File, Format Version 12.00
# Visual Studio Version 17
VisualStudioVersion = 17.13.35825.156
MinimumVisualStudioVersion = 10.0.40219.1
Project("{FAE04EC0-301F-11D3-BF4B-00C04F79EFBC}") = "Examination.PL", "Examination.PL\Examination.PL.csproj", "{4087C7A5-076D-4B44-A9BA-7C4251B28668}"
EndProject
Project("{FAE04EC0-301F-11D3-BF4B-00C04F79EFBC}") = "Examination.DAL", "Examination.DAL\Examination.DAL.csproj", "{C65DF353-CAE2-47FF-8E3B-C6EC40F20FBA}"
EndProject
Project("{F14B399A-7131-4C87-9E4B-1186C45EF12D}") = "Reports", "Reports\Reports.rptproj", "{E62DA1CF-E25D-BC19-BA34-109BA34ACAA5}"
EndProject
Global
	GlobalSection(SolutionConfigurationPlatforms) = preSolution
		Debug|Any CPU = Debug|Any CPU
		DebugLocal|Any CPU = DebugLocal|Any CPU
		Release|Any CPU = Release|Any CPU
	EndGlobalSection
	GlobalSection(ProjectConfigurationPlatforms) = postSolution
		{4087C7A5-076D-4B44-A9BA-7C4251B28668}.Debug|Any CPU.ActiveCfg = Debug|Any CPU
		{4087C7A5-076D-4B44-A9BA-7C4251B28668}.Debug|Any CPU.Build.0 = Debug|Any CPU
		{4087C7A5-076D-4B44-A9BA-7C4251B28668}.DebugLocal|Any CPU.ActiveCfg = Debug|Any CPU
		{4087C7A5-076D-4B44-A9BA-7C4251B28668}.DebugLocal|Any CPU.Build.0 = Debug|Any CPU
		{4087C7A5-076D-4B44-A9BA-7C4251B28668}.Release|Any CPU.ActiveCfg = Release|Any CPU
		{4087C7A5-076D-4B44-A9BA-7C4251B28668}.Release|Any CPU.Build.0 = Release|Any CPU
		{C65DF353-CAE2-47FF-8E3B-C6EC40F20FBA}.Debug|Any CPU.ActiveCfg = Debug|Any CPU
		{C65DF353-CAE2-47FF-8E3B-C6EC40F20FBA}.Debug|Any CPU.Build.0 = Debug|Any CPU
		{C65DF353-CAE2-47FF-8E3B-C6EC40F20FBA}.DebugLocal|Any CPU.ActiveCfg = Debug|Any CPU
		{C65DF353-CAE2-47FF-8E3B-C6EC40F20FBA}.DebugLocal|Any CPU.Build.0 = Debug|Any CPU
		{C65DF353-CAE2-47FF-8E3B-C6EC40F20FBA}.Release|Any CPU.ActiveCfg = Release|Any CPU
		{C65DF353-CAE2-47FF-8E3B-C6EC40F20FBA}.Release|Any CPU.Build.0 = Release|Any CPU
		{E62DA1CF-E25D-BC19-BA34-109BA34ACAA5}.Debug|Any CPU.ActiveCfg = Debug
		{E62DA1CF-E25D-BC19-BA34-109BA34ACAA5}.Debug|Any CPU.Build.0 = Debug
		{E62DA1CF-E25D-BC19-BA34-109BA34ACAA5}.Debug|Any CPU.Deploy.0 = Debug
		{E62DA1CF-E25D-BC19-BA34-109BA34ACAA5}.DebugLocal|Any CPU.ActiveCfg = DebugLocal
		{E62DA1CF-E25D-BC19-BA34-109BA34ACAA5}.DebugLocal|Any CPU.Build.0 = DebugLocal
		{E62DA1CF-E25D-BC19-BA34-109BA34ACAA5}.Release|Any CPU.ActiveCfg = Release
		{E62DA1CF-E25D-BC19-BA34-109BA34ACAA5}.Release|Any CPU.Build.0 = Release
		{E62DA1CF-E25D-BC19-BA34-109BA34ACAA5}.Release|Any CPU.Deploy.0 = Release
	EndGlobalSection
	GlobalSection(SolutionProperties) = preSolution
		HideSolutionNode = FALSE
	EndGlobalSection
	GlobalSection(ExtensibilityGlobals) = postSolution
		SolutionGuid = {7921D04D-FC20-4073-BECF-9C6FA5210ECD}
	EndGlobalSection
EndGlobal
